// !$*UTF8*$!
{
	archiveVersion = 1;
	classes = {
	};
	objectVersion = 46;
	objects = {

/* Begin PBXBuildFile section */
		31DF4AB21CD9BED100553E68 /* AppDelegate.swift in Sources */ = {isa = PBXBuildFile; fileRef = 31DF4AB11CD9BED100553E68 /* AppDelegate.swift */; };
		31DF4AE51CD9C2A400553E68 /* ActivityViewController.swift in Sources */ = {isa = PBXBuildFile; fileRef = 31DF4ACD1CD9C2A400553E68 /* ActivityViewController.swift */; };
		31DF4AE61CD9C2A400553E68 /* AnimatableChart.swift in Sources */ = {isa = PBXBuildFile; fileRef = 31DF4ACE1CD9C2A400553E68 /* AnimatableChart.swift */; };
		31DF4AE71CD9C2A400553E68 /* Assets.xcassets in Resources */ = {isa = PBXBuildFile; fileRef = 31DF4ACF1CD9C2A400553E68 /* Assets.xcassets */; };
		31DF4AE81CD9C2A400553E68 /* LaunchScreen.storyboard in Resources */ = {isa = PBXBuildFile; fileRef = 31DF4AD01CD9C2A400553E68 /* LaunchScreen.storyboard */; };
		31DF4AE91CD9C2A400553E68 /* Main.storyboard in Resources */ = {isa = PBXBuildFile; fileRef = 31DF4AD11CD9C2A400553E68 /* Main.storyboard */; };
		31DF4AEA1CD9C2A400553E68 /* ConsentDocument.swift in Sources */ = {isa = PBXBuildFile; fileRef = 31DF4AD21CD9C2A400553E68 /* ConsentDocument.swift */; };
		31DF4AEB1CD9C2A400553E68 /* DashboardTableViewController.swift in Sources */ = {isa = PBXBuildFile; fileRef = 31DF4AD31CD9C2A400553E68 /* DashboardTableViewController.swift */; };
		31DF4AEC1CD9C2A400553E68 /* DiscreteGraphDataSource.swift in Sources */ = {isa = PBXBuildFile; fileRef = 31DF4AD41CD9C2A400553E68 /* DiscreteGraphDataSource.swift */; };
		31DF4AED1CD9C2A400553E68 /* HealthClientType.swift in Sources */ = {isa = PBXBuildFile; fileRef = 31DF4AD51CD9C2A400553E68 /* HealthClientType.swift */; };
		31DF4AEE1CD9C2A400553E68 /* HealthDataStep.swift in Sources */ = {isa = PBXBuildFile; fileRef = 31DF4AD61CD9C2A400553E68 /* HealthDataStep.swift */; };
		31DF4AEF1CD9C2A400553E68 /* HealthDataStepViewController.swift in Sources */ = {isa = PBXBuildFile; fileRef = 31DF4AD71CD9C2A400553E68 /* HealthDataStepViewController.swift */; };
		31DF4AF01CD9C2A400553E68 /* HKHealthStore+Queries.swift in Sources */ = {isa = PBXBuildFile; fileRef = 31DF4AD81CD9C2A400553E68 /* HKHealthStore+Queries.swift */; };
		31DF4AF11CD9C2A400553E68 /* IntroductionViewController.swift in Sources */ = {isa = PBXBuildFile; fileRef = 31DF4AD91CD9C2A400553E68 /* IntroductionViewController.swift */; };
		31DF4AF21CD9C2A400553E68 /* LineGraphDataSource.swift in Sources */ = {isa = PBXBuildFile; fileRef = 31DF4ADA1CD9C2A400553E68 /* LineGraphDataSource.swift */; };
		31DF4AF31CD9C2A400553E68 /* OnboardingViewController.swift in Sources */ = {isa = PBXBuildFile; fileRef = 31DF4ADB1CD9C2A400553E68 /* OnboardingViewController.swift */; };
		31DF4AF51CD9C2A400553E68 /* PieChartDataSource.swift in Sources */ = {isa = PBXBuildFile; fileRef = 31DF4ADD1CD9C2A400553E68 /* PieChartDataSource.swift */; };
		31DF4AF61CD9C2A400553E68 /* ProfileHeaderView.swift in Sources */ = {isa = PBXBuildFile; fileRef = 31DF4ADE1CD9C2A400553E68 /* ProfileHeaderView.swift */; };
		31DF4AF71CD9C2A400553E68 /* ProfileStaticTableViewCell.swift in Sources */ = {isa = PBXBuildFile; fileRef = 31DF4ADF1CD9C2A400553E68 /* ProfileStaticTableViewCell.swift */; };
		31DF4AF81CD9C2A400553E68 /* ProfileViewController.swift in Sources */ = {isa = PBXBuildFile; fileRef = 31DF4AE01CD9C2A400553E68 /* ProfileViewController.swift */; };
		31DF4AF91CD9C2A400553E68 /* ResearchContainerSegue.swift in Sources */ = {isa = PBXBuildFile; fileRef = 31DF4AE11CD9C2A400553E68 /* ResearchContainerSegue.swift */; };
		31DF4AFA1CD9C2A400553E68 /* ResearchContainerViewController.swift in Sources */ = {isa = PBXBuildFile; fileRef = 31DF4AE21CD9C2A400553E68 /* ResearchContainerViewController.swift */; };
		31DF4AFB1CD9C2A400553E68 /* StudyTasks.swift in Sources */ = {isa = PBXBuildFile; fileRef = 31DF4AE31CD9C2A400553E68 /* StudyTasks.swift */; };
		31DF4AFC1CD9C2A400553E68 /* WithdrawViewController.swift in Sources */ = {isa = PBXBuildFile; fileRef = 31DF4AE41CD9C2A400553E68 /* WithdrawViewController.swift */; };
		31DF4B061CD9C55600553E68 /* HealthKit.framework in Frameworks */ = {isa = PBXBuildFile; fileRef = 31DF4B051CD9C55600553E68 /* HealthKit.framework */; };
		31DF4B131CDB8E0D00553E68 /* ORKTiltStep.swift in Sources */ = {isa = PBXBuildFile; fileRef = 31DF4B121CDB8E0D00553E68 /* ORKTiltStep.swift */; };
		6C63F813B9A13C4E7650D768 /* Pods_Curvature.framework in Frameworks */ = {isa = PBXBuildFile; fileRef = F99559C9462CB2752B6B4DBB /* Pods_Curvature.framework */; };
/* End PBXBuildFile section */

/* Begin PBXFileReference section */
		31DF4AAE1CD9BED100553E68 /* Curvature.app */ = {isa = PBXFileReference; explicitFileType = wrapper.application; includeInIndex = 0; path = Curvature.app; sourceTree = BUILT_PRODUCTS_DIR; };
		31DF4AB11CD9BED100553E68 /* AppDelegate.swift */ = {isa = PBXFileReference; lastKnownFileType = sourcecode.swift; path = AppDelegate.swift; sourceTree = "<group>"; };
		31DF4ABD1CD9BED100553E68 /* Info.plist */ = {isa = PBXFileReference; lastKnownFileType = text.plist.xml; path = Info.plist; sourceTree = "<group>"; };
		31DF4ACD1CD9C2A400553E68 /* ActivityViewController.swift */ = {isa = PBXFileReference; fileEncoding = 4; lastKnownFileType = sourcecode.swift; path = ActivityViewController.swift; sourceTree = "<group>"; };
		31DF4ACE1CD9C2A400553E68 /* AnimatableChart.swift */ = {isa = PBXFileReference; fileEncoding = 4; lastKnownFileType = sourcecode.swift; path = AnimatableChart.swift; sourceTree = "<group>"; };
		31DF4ACF1CD9C2A400553E68 /* Assets.xcassets */ = {isa = PBXFileReference; lastKnownFileType = folder.assetcatalog; path = Assets.xcassets; sourceTree = "<group>"; };
		31DF4AD01CD9C2A400553E68 /* LaunchScreen.storyboard */ = {isa = PBXFileReference; fileEncoding = 4; lastKnownFileType = file.storyboard; path = LaunchScreen.storyboard; sourceTree = "<group>"; };
		31DF4AD11CD9C2A400553E68 /* Main.storyboard */ = {isa = PBXFileReference; fileEncoding = 4; lastKnownFileType = file.storyboard; path = Main.storyboard; sourceTree = "<group>"; };
		31DF4AD21CD9C2A400553E68 /* ConsentDocument.swift */ = {isa = PBXFileReference; fileEncoding = 4; lastKnownFileType = sourcecode.swift; path = ConsentDocument.swift; sourceTree = "<group>"; };
		31DF4AD31CD9C2A400553E68 /* DashboardTableViewController.swift */ = {isa = PBXFileReference; fileEncoding = 4; lastKnownFileType = sourcecode.swift; path = DashboardTableViewController.swift; sourceTree = "<group>"; };
		31DF4AD41CD9C2A400553E68 /* DiscreteGraphDataSource.swift */ = {isa = PBXFileReference; fileEncoding = 4; lastKnownFileType = sourcecode.swift; path = DiscreteGraphDataSource.swift; sourceTree = "<group>"; };
		31DF4AD51CD9C2A400553E68 /* HealthClientType.swift */ = {isa = PBXFileReference; fileEncoding = 4; lastKnownFileType = sourcecode.swift; path = HealthClientType.swift; sourceTree = "<group>"; };
		31DF4AD61CD9C2A400553E68 /* HealthDataStep.swift */ = {isa = PBXFileReference; fileEncoding = 4; lastKnownFileType = sourcecode.swift; path = HealthDataStep.swift; sourceTree = "<group>"; };
		31DF4AD71CD9C2A400553E68 /* HealthDataStepViewController.swift */ = {isa = PBXFileReference; fileEncoding = 4; lastKnownFileType = sourcecode.swift; path = HealthDataStepViewController.swift; sourceTree = "<group>"; };
		31DF4AD81CD9C2A400553E68 /* HKHealthStore+Queries.swift */ = {isa = PBXFileReference; fileEncoding = 4; lastKnownFileType = sourcecode.swift; path = "HKHealthStore+Queries.swift"; sourceTree = "<group>"; };
		31DF4AD91CD9C2A400553E68 /* IntroductionViewController.swift */ = {isa = PBXFileReference; fileEncoding = 4; lastKnownFileType = sourcecode.swift; path = IntroductionViewController.swift; sourceTree = "<group>"; };
		31DF4ADA1CD9C2A400553E68 /* LineGraphDataSource.swift */ = {isa = PBXFileReference; fileEncoding = 4; lastKnownFileType = sourcecode.swift; path = LineGraphDataSource.swift; sourceTree = "<group>"; };
		31DF4ADB1CD9C2A400553E68 /* OnboardingViewController.swift */ = {isa = PBXFileReference; fileEncoding = 4; lastKnownFileType = sourcecode.swift; path = OnboardingViewController.swift; sourceTree = "<group>"; };
		31DF4ADD1CD9C2A400553E68 /* PieChartDataSource.swift */ = {isa = PBXFileReference; fileEncoding = 4; lastKnownFileType = sourcecode.swift; path = PieChartDataSource.swift; sourceTree = "<group>"; };
		31DF4ADE1CD9C2A400553E68 /* ProfileHeaderView.swift */ = {isa = PBXFileReference; fileEncoding = 4; lastKnownFileType = sourcecode.swift; path = ProfileHeaderView.swift; sourceTree = "<group>"; };
		31DF4ADF1CD9C2A400553E68 /* ProfileStaticTableViewCell.swift */ = {isa = PBXFileReference; fileEncoding = 4; lastKnownFileType = sourcecode.swift; path = ProfileStaticTableViewCell.swift; sourceTree = "<group>"; };
		31DF4AE01CD9C2A400553E68 /* ProfileViewController.swift */ = {isa = PBXFileReference; fileEncoding = 4; lastKnownFileType = sourcecode.swift; path = ProfileViewController.swift; sourceTree = "<group>"; };
		31DF4AE11CD9C2A400553E68 /* ResearchContainerSegue.swift */ = {isa = PBXFileReference; fileEncoding = 4; lastKnownFileType = sourcecode.swift; path = ResearchContainerSegue.swift; sourceTree = "<group>"; };
		31DF4AE21CD9C2A400553E68 /* ResearchContainerViewController.swift */ = {isa = PBXFileReference; fileEncoding = 4; lastKnownFileType = sourcecode.swift; path = ResearchContainerViewController.swift; sourceTree = "<group>"; };
		31DF4AE31CD9C2A400553E68 /* StudyTasks.swift */ = {isa = PBXFileReference; fileEncoding = 4; lastKnownFileType = sourcecode.swift; path = StudyTasks.swift; sourceTree = "<group>"; };
		31DF4AE41CD9C2A400553E68 /* WithdrawViewController.swift */ = {isa = PBXFileReference; fileEncoding = 4; lastKnownFileType = sourcecode.swift; path = WithdrawViewController.swift; sourceTree = "<group>"; };
		31DF4B051CD9C55600553E68 /* HealthKit.framework */ = {isa = PBXFileReference; lastKnownFileType = wrapper.framework; name = HealthKit.framework; path = System/Library/Frameworks/HealthKit.framework; sourceTree = SDKROOT; };
		31DF4B071CD9C55600553E68 /* Curvature.entitlements */ = {isa = PBXFileReference; lastKnownFileType = text.xml; path = Curvature.entitlements; sourceTree = "<group>"; };
		31DF4B121CDB8E0D00553E68 /* ORKTiltStep.swift */ = {isa = PBXFileReference; fileEncoding = 4; lastKnownFileType = sourcecode.swift; path = ORKTiltStep.swift; sourceTree = "<group>"; };
		3FDE092E45BF62A917135C12 /* Pods-Curvature.debug.xcconfig */ = {isa = PBXFileReference; includeInIndex = 1; lastKnownFileType = text.xcconfig; name = "Pods-Curvature.debug.xcconfig"; path = "Pods/Target Support Files/Pods-Curvature/Pods-Curvature.debug.xcconfig"; sourceTree = "<group>"; };
		83D4548845039C05E5FB97AD /* Pods-Curvature.release.xcconfig */ = {isa = PBXFileReference; includeInIndex = 1; lastKnownFileType = text.xcconfig; name = "Pods-Curvature.release.xcconfig"; path = "Pods/Target Support Files/Pods-Curvature/Pods-Curvature.release.xcconfig"; sourceTree = "<group>"; };
		F99559C9462CB2752B6B4DBB /* Pods_Curvature.framework */ = {isa = PBXFileReference; explicitFileType = wrapper.framework; includeInIndex = 0; path = Pods_Curvature.framework; sourceTree = BUILT_PRODUCTS_DIR; };
/* End PBXFileReference section */

/* Begin PBXFrameworksBuildPhase section */
		31DF4AAB1CD9BED100553E68 /* Frameworks */ = {
			isa = PBXFrameworksBuildPhase;
			buildActionMask = 2147483647;
			files = (
				6C63F813B9A13C4E7650D768 /* Pods_Curvature.framework in Frameworks */,
				31DF4B061CD9C55600553E68 /* HealthKit.framework in Frameworks */,
			);
			runOnlyForDeploymentPostprocessing = 0;
		};
/* End PBXFrameworksBuildPhase section */

/* Begin PBXGroup section */
		31DF4AA51CD9BED100553E68 = {
			isa = PBXGroup;
			children = (
				31DF4AB01CD9BED100553E68 /* Curvature */,
				31DF4AAF1CD9BED100553E68 /* Products */,
				F3865D30E460BF3F631F7B62 /* Pods */,
				DF300ED9DADCFD2436D8B6C0 /* Frameworks */,
			);
			sourceTree = "<group>";
		};
		31DF4AAF1CD9BED100553E68 /* Products */ = {
			isa = PBXGroup;
			children = (
				31DF4AAE1CD9BED100553E68 /* Curvature.app */,
			);
			name = Products;
			sourceTree = "<group>";
		};
		31DF4AB01CD9BED100553E68 /* Curvature */ = {
			isa = PBXGroup;
			children = (
				31DF4AD81CD9C2A400553E68 /* HKHealthStore+Queries.swift */,
				31DF4AE21CD9C2A400553E68 /* ResearchContainerViewController.swift */,
				31DF4AE11CD9C2A400553E68 /* ResearchContainerSegue.swift */,
				31DF4AFE1CD9C30F00553E68 /* Onboarding */,
				31DF4AFD1CD9C2FE00553E68 /* Dashboard */,
				31DF4AFF1CD9C32200553E68 /* Activities */,
				31DF4B001CD9C33000553E68 /* Profile */,
				31DF4B011CD9C33C00553E68 /* Withdrawal */,
				31DF4B021CD9C35400553E68 /* Steps */,
				31DF4B031CD9C36300553E68 /* Protocols */,
				31DF4AB11CD9BED100553E68 /* AppDelegate.swift */,
				31DF4AD11CD9C2A400553E68 /* Main.storyboard */,
				31DF4AD01CD9C2A400553E68 /* LaunchScreen.storyboard */,
				31DF4B041CD9C37E00553E68 /* Supporting Files */,
			);
			path = Curvature;
			sourceTree = "<group>";
		};
		31DF4AFD1CD9C2FE00553E68 /* Dashboard */ = {
			isa = PBXGroup;
			children = (
				31DF4AD31CD9C2A400553E68 /* DashboardTableViewController.swift */,
				31DF4AD41CD9C2A400553E68 /* DiscreteGraphDataSource.swift */,
				31DF4ADA1CD9C2A400553E68 /* LineGraphDataSource.swift */,
				31DF4ADD1CD9C2A400553E68 /* PieChartDataSource.swift */,
			);
			name = Dashboard;
			sourceTree = "<group>";
		};
		31DF4AFE1CD9C30F00553E68 /* Onboarding */ = {
			isa = PBXGroup;
			children = (
				31DF4AD91CD9C2A400553E68 /* IntroductionViewController.swift */,
				31DF4ADB1CD9C2A400553E68 /* OnboardingViewController.swift */,
			);
			name = Onboarding;
			sourceTree = "<group>";
		};
		31DF4AFF1CD9C32200553E68 /* Activities */ = {
			isa = PBXGroup;
			children = (
				31DF4B121CDB8E0D00553E68 /* ORKTiltStep.swift */,
				31DF4ACD1CD9C2A400553E68 /* ActivityViewController.swift */,
				31DF4AE31CD9C2A400553E68 /* StudyTasks.swift */,
			);
			name = Activities;
			sourceTree = "<group>";
		};
		31DF4B001CD9C33000553E68 /* Profile */ = {
			isa = PBXGroup;
			children = (
				31DF4ADE1CD9C2A400553E68 /* ProfileHeaderView.swift */,
				31DF4ADF1CD9C2A400553E68 /* ProfileStaticTableViewCell.swift */,
				31DF4AE01CD9C2A400553E68 /* ProfileViewController.swift */,
			);
			name = Profile;
			sourceTree = "<group>";
		};
		31DF4B011CD9C33C00553E68 /* Withdrawal */ = {
			isa = PBXGroup;
			children = (
				31DF4AE41CD9C2A400553E68 /* WithdrawViewController.swift */,
			);
			name = Withdrawal;
			sourceTree = "<group>";
		};
		31DF4B021CD9C35400553E68 /* Steps */ = {
			isa = PBXGroup;
			children = (
				31DF4AD21CD9C2A400553E68 /* ConsentDocument.swift */,
				31DF4AD61CD9C2A400553E68 /* HealthDataStep.swift */,
				31DF4AD71CD9C2A400553E68 /* HealthDataStepViewController.swift */,
			);
			name = Steps;
			sourceTree = "<group>";
		};
		31DF4B031CD9C36300553E68 /* Protocols */ = {
			isa = PBXGroup;
			children = (
				31DF4ACE1CD9C2A400553E68 /* AnimatableChart.swift */,
				31DF4AD51CD9C2A400553E68 /* HealthClientType.swift */,
			);
			name = Protocols;
			sourceTree = "<group>";
		};
		31DF4B041CD9C37E00553E68 /* Supporting Files */ = {
			isa = PBXGroup;
			children = (
				31DF4ACF1CD9C2A400553E68 /* Assets.xcassets */,
				31DF4ABD1CD9BED100553E68 /* Info.plist */,
				31DF4B071CD9C55600553E68 /* Curvature.entitlements */,
			);
			name = "Supporting Files";
			sourceTree = "<group>";
		};
		DF300ED9DADCFD2436D8B6C0 /* Frameworks */ = {
			isa = PBXGroup;
			children = (
				31DF4B051CD9C55600553E68 /* HealthKit.framework */,
				F99559C9462CB2752B6B4DBB /* Pods_Curvature.framework */,
			);
			name = Frameworks;
			sourceTree = "<group>";
		};
		F3865D30E460BF3F631F7B62 /* Pods */ = {
			isa = PBXGroup;
			children = (
				3FDE092E45BF62A917135C12 /* Pods-Curvature.debug.xcconfig */,
				83D4548845039C05E5FB97AD /* Pods-Curvature.release.xcconfig */,
			);
			name = Pods;
			sourceTree = "<group>";
		};
/* End PBXGroup section */

/* Begin PBXNativeTarget section */
		31DF4AAD1CD9BED100553E68 /* Curvature */ = {
			isa = PBXNativeTarget;
			buildConfigurationList = 31DF4AC01CD9BED100553E68 /* Build configuration list for PBXNativeTarget "Curvature" */;
			buildPhases = (
				63B44A8C44F8F62426EA2EA6 /* Check Pods Manifest.lock */,
				31DF4AAA1CD9BED100553E68 /* Sources */,
				31DF4AAB1CD9BED100553E68 /* Frameworks */,
				31DF4AAC1CD9BED100553E68 /* Resources */,
				B44F495EC0D0570B2A65A24D /* Embed Pods Frameworks */,
				ADD86297C06C02F7917A8E2C /* Copy Pods Resources */,
			);
			buildRules = (
			);
			dependencies = (
			);
			name = Curvature;
			productName = Curvature;
			productReference = 31DF4AAE1CD9BED100553E68 /* Curvature.app */;
			productType = "com.apple.product-type.application";
		};
/* End PBXNativeTarget section */

/* Begin PBXProject section */
		31DF4AA61CD9BED100553E68 /* Project object */ = {
			isa = PBXProject;
			attributes = {
				LastSwiftUpdateCheck = 0730;
				LastUpgradeCheck = 0730;
				ORGANIZATIONNAME = "Nikhil D'Souza";
				TargetAttributes = {
					31DF4AAD1CD9BED100553E68 = {
						CreatedOnToolsVersion = 7.3;
						DevelopmentTeam = 32FG3U99MG;
						SystemCapabilities = {
							com.apple.HealthKit = {
								enabled = 1;
							};
						};
					};
				};
			};
			buildConfigurationList = 31DF4AA91CD9BED100553E68 /* Build configuration list for PBXProject "Curvature" */;
			compatibilityVersion = "Xcode 3.2";
			developmentRegion = English;
			hasScannedForEncodings = 0;
			knownRegions = (
				en,
				Base,
			);
			mainGroup = 31DF4AA51CD9BED100553E68;
			productRefGroup = 31DF4AAF1CD9BED100553E68 /* Products */;
			projectDirPath = "";
			projectRoot = "";
			targets = (
				31DF4AAD1CD9BED100553E68 /* Curvature */,
			);
		};
/* End PBXProject section */

/* Begin PBXResourcesBuildPhase section */
		31DF4AAC1CD9BED100553E68 /* Resources */ = {
			isa = PBXResourcesBuildPhase;
			buildActionMask = 2147483647;
			files = (
				31DF4AE91CD9C2A400553E68 /* Main.storyboard in Resources */,
				31DF4AE71CD9C2A400553E68 /* Assets.xcassets in Resources */,
				31DF4AE81CD9C2A400553E68 /* LaunchScreen.storyboard in Resources */,
			);
			runOnlyForDeploymentPostprocessing = 0;
		};
/* End PBXResourcesBuildPhase section */

/* Begin PBXShellScriptBuildPhase section */
		63B44A8C44F8F62426EA2EA6 /* Check Pods Manifest.lock */ = {
			isa = PBXShellScriptBuildPhase;
			buildActionMask = 2147483647;
			files = (
			);
			inputPaths = (
			);
			name = "Check Pods Manifest.lock";
			outputPaths = (
			);
			runOnlyForDeploymentPostprocessing = 0;
			shellPath = /bin/sh;
			shellScript = "diff \"${PODS_ROOT}/../Podfile.lock\" \"${PODS_ROOT}/Manifest.lock\" > /dev/null\nif [[ $? != 0 ]] ; then\n    cat << EOM\nerror: The sandbox is not in sync with the Podfile.lock. Run 'pod install' or update your CocoaPods installation.\nEOM\n    exit 1\nfi\n";
			showEnvVarsInLog = 0;
		};
		ADD86297C06C02F7917A8E2C /* Copy Pods Resources */ = {
			isa = PBXShellScriptBuildPhase;
			buildActionMask = 2147483647;
			files = (
			);
			inputPaths = (
			);
			name = "Copy Pods Resources";
			outputPaths = (
			);
			runOnlyForDeploymentPostprocessing = 0;
			shellPath = /bin/sh;
			shellScript = "\"${SRCROOT}/Pods/Target Support Files/Pods-Curvature/Pods-Curvature-resources.sh\"\n";
			showEnvVarsInLog = 0;
		};
		B44F495EC0D0570B2A65A24D /* Embed Pods Frameworks */ = {
			isa = PBXShellScriptBuildPhase;
			buildActionMask = 2147483647;
			files = (
			);
			inputPaths = (
			);
			name = "Embed Pods Frameworks";
			outputPaths = (
			);
			runOnlyForDeploymentPostprocessing = 0;
			shellPath = /bin/sh;
			shellScript = "\"${SRCROOT}/Pods/Target Support Files/Pods-Curvature/Pods-Curvature-frameworks.sh\"\n";
			showEnvVarsInLog = 0;
		};
/* End PBXShellScriptBuildPhase section */

/* Begin PBXSourcesBuildPhase section */
		31DF4AAA1CD9BED100553E68 /* Sources */ = {
			isa = PBXSourcesBuildPhase;
			buildActionMask = 2147483647;
			files = (
				31DF4AF91CD9C2A400553E68 /* ResearchContainerSegue.swift in Sources */,
				31DF4AF31CD9C2A400553E68 /* OnboardingViewController.swift in Sources */,
				31DF4AFB1CD9C2A400553E68 /* StudyTasks.swift in Sources */,
				31DF4AF11CD9C2A400553E68 /* IntroductionViewController.swift in Sources */,
				31DF4AF21CD9C2A400553E68 /* LineGraphDataSource.swift in Sources */,
				31DF4AEB1CD9C2A400553E68 /* DashboardTableViewController.swift in Sources */,
				31DF4AED1CD9C2A400553E68 /* HealthClientType.swift in Sources */,
				31DF4AEF1CD9C2A400553E68 /* HealthDataStepViewController.swift in Sources */,
				31DF4AB21CD9BED100553E68 /* AppDelegate.swift in Sources */,
				31DF4AF81CD9C2A400553E68 /* ProfileViewController.swift in Sources */,
				31DF4AF61CD9C2A400553E68 /* ProfileHeaderView.swift in Sources */,
				31DF4B131CDB8E0D00553E68 /* ORKTiltStep.swift in Sources */,
				31DF4AFA1CD9C2A400553E68 /* ResearchContainerViewController.swift in Sources */,
				31DF4AEE1CD9C2A400553E68 /* HealthDataStep.swift in Sources */,
				31DF4AEC1CD9C2A400553E68 /* DiscreteGraphDataSource.swift in Sources */,
				31DF4AEA1CD9C2A400553E68 /* ConsentDocument.swift in Sources */,
				31DF4AF51CD9C2A400553E68 /* PieChartDataSource.swift in Sources */,
				31DF4AFC1CD9C2A400553E68 /* WithdrawViewController.swift in Sources */,
				31DF4AF01CD9C2A400553E68 /* HKHealthStore+Queries.swift in Sources */,
				31DF4AE61CD9C2A400553E68 /* AnimatableChart.swift in Sources */,
				31DF4AF71CD9C2A400553E68 /* ProfileStaticTableViewCell.swift in Sources */,
				31DF4AE51CD9C2A400553E68 /* ActivityViewController.swift in Sources */,
			);
			runOnlyForDeploymentPostprocessing = 0;
		};
/* End PBXSourcesBuildPhase section */

/* Begin XCBuildConfiguration section */
		31DF4ABE1CD9BED100553E68 /* Debug */ = {
			isa = XCBuildConfiguration;
			buildSettings = {
				ALWAYS_SEARCH_USER_PATHS = NO;
				CLANG_ANALYZER_NONNULL = YES;
				CLANG_CXX_LANGUAGE_STANDARD = "gnu++0x";
				CLANG_CXX_LIBRARY = "libc++";
				CLANG_ENABLE_MODULES = YES;
				CLANG_ENABLE_OBJC_ARC = YES;
				CLANG_WARN_BOOL_CONVERSION = YES;
				CLANG_WARN_CONSTANT_CONVERSION = YES;
				CLANG_WARN_DIRECT_OBJC_ISA_USAGE = YES_ERROR;
				CLANG_WARN_EMPTY_BODY = YES;
				CLANG_WARN_ENUM_CONVERSION = YES;
				CLANG_WARN_INT_CONVERSION = YES;
				CLANG_WARN_OBJC_ROOT_CLASS = YES_ERROR;
				CLANG_WARN_UNREACHABLE_CODE = YES;
				CLANG_WARN__DUPLICATE_METHOD_MATCH = YES;
				"CODE_SIGN_IDENTITY[sdk=iphoneos*]" = "iPhone Developer";
				COPY_PHASE_STRIP = NO;
				DEBUG_INFORMATION_FORMAT = dwarf;
				ENABLE_STRICT_OBJC_MSGSEND = YES;
				ENABLE_TESTABILITY = YES;
				GCC_C_LANGUAGE_STANDARD = gnu99;
				GCC_DYNAMIC_NO_PIC = NO;
				GCC_NO_COMMON_BLOCKS = YES;
				GCC_OPTIMIZATION_LEVEL = 0;
				GCC_PREPROCESSOR_DEFINITIONS = (
					"DEBUG=1",
					"$(inherited)",
				);
				GCC_WARN_64_TO_32_BIT_CONVERSION = YES;
				GCC_WARN_ABOUT_RETURN_TYPE = YES_ERROR;
				GCC_WARN_UNDECLARED_SELECTOR = YES;
				GCC_WARN_UNINITIALIZED_AUTOS = YES_AGGRESSIVE;
				GCC_WARN_UNUSED_FUNCTION = YES;
				GCC_WARN_UNUSED_VARIABLE = YES;
				IPHONEOS_DEPLOYMENT_TARGET = 9.3;
				MTL_ENABLE_DEBUG_INFO = YES;
				ONLY_ACTIVE_ARCH = YES;
				SDKROOT = iphoneos;
				SWIFT_OPTIMIZATION_LEVEL = "-Onone";
			};
			name = Debug;
		};
		31DF4ABF1CD9BED100553E68 /* Release */ = {
			isa = XCBuildConfiguration;
			buildSettings = {
				ALWAYS_SEARCH_USER_PATHS = NO;
				CLANG_ANALYZER_NONNULL = YES;
				CLANG_CXX_LANGUAGE_STANDARD = "gnu++0x";
				CLANG_CXX_LIBRARY = "libc++";
				CLANG_ENABLE_MODULES = YES;
				CLANG_ENABLE_OBJC_ARC = YES;
				CLANG_WARN_BOOL_CONVERSION = YES;
				CLANG_WARN_CONSTANT_CONVERSION = YES;
				CLANG_WARN_DIRECT_OBJC_ISA_USAGE = YES_ERROR;
				CLANG_WARN_EMPTY_BODY = YES;
				CLANG_WARN_ENUM_CONVERSION = YES;
				CLANG_WARN_INT_CONVERSION = YES;
				CLANG_WARN_OBJC_ROOT_CLASS = YES_ERROR;
				CLANG_WARN_UNREACHABLE_CODE = YES;
				CLANG_WARN__DUPLICATE_METHOD_MATCH = YES;
				"CODE_SIGN_IDENTITY[sdk=iphoneos*]" = "iPhone Developer";
				COPY_PHASE_STRIP = NO;
				DEBUG_INFORMATION_FORMAT = "dwarf-with-dsym";
				ENABLE_NS_ASSERTIONS = NO;
				ENABLE_STRICT_OBJC_MSGSEND = YES;
				GCC_C_LANGUAGE_STANDARD = gnu99;
				GCC_NO_COMMON_BLOCKS = YES;
				GCC_WARN_64_TO_32_BIT_CONVERSION = YES;
				GCC_WARN_ABOUT_RETURN_TYPE = YES_ERROR;
				GCC_WARN_UNDECLARED_SELECTOR = YES;
				GCC_WARN_UNINITIALIZED_AUTOS = YES_AGGRESSIVE;
				GCC_WARN_UNUSED_FUNCTION = YES;
				GCC_WARN_UNUSED_VARIABLE = YES;
				IPHONEOS_DEPLOYMENT_TARGET = 9.3;
				MTL_ENABLE_DEBUG_INFO = NO;
				SDKROOT = iphoneos;
				VALIDATE_PRODUCT = YES;
			};
			name = Release;
		};
		31DF4AC11CD9BED100553E68 /* Debug */ = {
			isa = XCBuildConfiguration;
			baseConfigurationReference = 3FDE092E45BF62A917135C12 /* Pods-Curvature.debug.xcconfig */;
			buildSettings = {
				ASSETCATALOG_COMPILER_APPICON_NAME = AppIcon;
				CODE_SIGN_ENTITLEMENTS = Curvature/Curvature.entitlements;
				INFOPLIST_FILE = Curvature/Info.plist;
				LD_RUNPATH_SEARCH_PATHS = "$(inherited) @executable_path/Frameworks";
				PRODUCT_BUNDLE_IDENTIFIER = nikhil.Curvature;
				PRODUCT_NAME = "$(TARGET_NAME)";
			};
			name = Debug;
		};
		31DF4AC21CD9BED100553E68 /* Release */ = {
			isa = XCBuildConfiguration;
			baseConfigurationReference = 83D4548845039C05E5FB97AD /* Pods-Curvature.release.xcconfig */;
			buildSettings = {
				ASSETCATALOG_COMPILER_APPICON_NAME = AppIcon;
				CODE_SIGN_ENTITLEMENTS = Curvature/Curvature.entitlements;
				INFOPLIST_FILE = Curvature/Info.plist;
				LD_RUNPATH_SEARCH_PATHS = "$(inherited) @executable_path/Frameworks";
				PRODUCT_BUNDLE_IDENTIFIER = nikhil.Curvature;
				PRODUCT_NAME = "$(TARGET_NAME)";
			};
			name = Release;
		};
/* End XCBuildConfiguration section */

/* Begin XCConfigurationList section */
		31DF4AA91CD9BED100553E68 /* Build configuration list for PBXProject "Curvature" */ = {
			isa = XCConfigurationList;
			buildConfigurations = (
				31DF4ABE1CD9BED100553E68 /* Debug */,
				31DF4ABF1CD9BED100553E68 /* Release */,
			);
			defaultConfigurationIsVisible = 0;
			defaultConfigurationName = Release;
		};
		31DF4AC01CD9BED100553E68 /* Build configuration list for PBXNativeTarget "Curvature" */ = {
			isa = XCConfigurationList;
			buildConfigurations = (
				31DF4AC11CD9BED100553E68 /* Debug */,
				31DF4AC21CD9BED100553E68 /* Release */,
			);
			defaultConfigurationIsVisible = 0;
			defaultConfigurationName = Release;
		};
/* End XCConfigurationList section */
	};
	rootObject = 31DF4AA61CD9BED100553E68 /* Project object */;
}
